// !$*UTF8*$!
{
	archiveVersion = 1;
	classes = {
	};
	objectVersion = 55;
	objects = {

/* Begin PBXBuildFile section */
		0F008A7A249437BB2D536F94 /* Pods_thingsflow_ios_min.framework in Frameworks */ = {isa = PBXBuildFile; fileRef = 4D777F9FE2C625E7BFA335BF /* Pods_thingsflow_ios_min.framework */; };
		87F8EE3F29306E50003999A5 /* AppDelegate.swift in Sources */ = {isa = PBXBuildFile; fileRef = 87F8EE3E29306E50003999A5 /* AppDelegate.swift */; };
		87F8EE4129306E50003999A5 /* SceneDelegate.swift in Sources */ = {isa = PBXBuildFile; fileRef = 87F8EE4029306E50003999A5 /* SceneDelegate.swift */; };
		87F8EE4329306E50003999A5 /* IssueListViewController.swift in Sources */ = {isa = PBXBuildFile; fileRef = 87F8EE4229306E50003999A5 /* IssueListViewController.swift */; };
		87F8EE4629306E50003999A5 /* Main.storyboard in Resources */ = {isa = PBXBuildFile; fileRef = 87F8EE4429306E50003999A5 /* Main.storyboard */; };
		87F8EE4829306E54003999A5 /* Assets.xcassets in Resources */ = {isa = PBXBuildFile; fileRef = 87F8EE4729306E54003999A5 /* Assets.xcassets */; };
		87F8EE4B29306E54003999A5 /* LaunchScreen.storyboard in Resources */ = {isa = PBXBuildFile; fileRef = 87F8EE4929306E54003999A5 /* LaunchScreen.storyboard */; };
		87F8EE572930719E003999A5 /* IssueListViewModel.swift in Sources */ = {isa = PBXBuildFile; fileRef = 87F8EE562930719E003999A5 /* IssueListViewModel.swift */; };
		87F8EE59293071AC003999A5 /* UIViewController+Ex.swift in Sources */ = {isa = PBXBuildFile; fileRef = 87F8EE58293071AC003999A5 /* UIViewController+Ex.swift */; };
		87F8EE5B29307216003999A5 /* Protocols.swift in Sources */ = {isa = PBXBuildFile; fileRef = 87F8EE5A29307216003999A5 /* Protocols.swift */; };
		87F8EE5E293073FD003999A5 /* IssueListViewCell.swift in Sources */ = {isa = PBXBuildFile; fileRef = 87F8EE5D293073FD003999A5 /* IssueListViewCell.swift */; };
		87F8EE60293074CE003999A5 /* SnapKit+Ex.swift in Sources */ = {isa = PBXBuildFile; fileRef = 87F8EE5F293074CE003999A5 /* SnapKit+Ex.swift */; };
		87F8EE62293074EC003999A5 /* Size.swift in Sources */ = {isa = PBXBuildFile; fileRef = 87F8EE61293074EC003999A5 /* Size.swift */; };
		87F8EE642930750D003999A5 /* Font.swift in Sources */ = {isa = PBXBuildFile; fileRef = 87F8EE632930750D003999A5 /* Font.swift */; };
		87F8EE6629307621003999A5 /* UITableView+Ex.swift in Sources */ = {isa = PBXBuildFile; fileRef = 87F8EE6529307621003999A5 /* UITableView+Ex.swift */; };
		87F8EE6829307E2D003999A5 /* Api.swift in Sources */ = {isa = PBXBuildFile; fileRef = 87F8EE6729307E2D003999A5 /* Api.swift */; };
		87F8EE6B29307F64003999A5 /* Repo.swift in Sources */ = {isa = PBXBuildFile; fileRef = 87F8EE6A29307F64003999A5 /* Repo.swift */; };
		87F8EE6D29308022003999A5 /* Owner.swift in Sources */ = {isa = PBXBuildFile; fileRef = 87F8EE6C29308022003999A5 /* Owner.swift */; };
		87F8EE6F293081F2003999A5 /* Info.swift in Sources */ = {isa = PBXBuildFile; fileRef = 87F8EE6E293081F2003999A5 /* Info.swift */; };
		87F8EE7129308968003999A5 /* IssuListViewSection.swift in Sources */ = {isa = PBXBuildFile; fileRef = 87F8EE7029308968003999A5 /* IssuListViewSection.swift */; };
		87F8EE7329308A10003999A5 /* Issue.swift in Sources */ = {isa = PBXBuildFile; fileRef = 87F8EE7229308A10003999A5 /* Issue.swift */; };
		87F8EE752930901C003999A5 /* Array+Ex.swift in Sources */ = {isa = PBXBuildFile; fileRef = 87F8EE742930901C003999A5 /* Array+Ex.swift */; };
		87F8EE78293097BB003999A5 /* IssueListHeaderView.swift in Sources */ = {isa = PBXBuildFile; fileRef = 87F8EE77293097BA003999A5 /* IssueListHeaderView.swift */; };
		87F8EE7A293099C1003999A5 /* CGSize+Ex.swift in Sources */ = {isa = PBXBuildFile; fileRef = 87F8EE79293099C1003999A5 /* CGSize+Ex.swift */; };
/* End PBXBuildFile section */

/* Begin PBXFileReference section */
		3DCE1D22762757B84A7756D0 /* Pods-thingsflow-ios-min.debug.xcconfig */ = {isa = PBXFileReference; includeInIndex = 1; lastKnownFileType = text.xcconfig; name = "Pods-thingsflow-ios-min.debug.xcconfig"; path = "Target Support Files/Pods-thingsflow-ios-min/Pods-thingsflow-ios-min.debug.xcconfig"; sourceTree = "<group>"; };
		4D777F9FE2C625E7BFA335BF /* Pods_thingsflow_ios_min.framework */ = {isa = PBXFileReference; explicitFileType = wrapper.framework; includeInIndex = 0; path = Pods_thingsflow_ios_min.framework; sourceTree = BUILT_PRODUCTS_DIR; };
		82D89C851C4EC85685FED226 /* Pods-thingsflow-ios-min.release.xcconfig */ = {isa = PBXFileReference; includeInIndex = 1; lastKnownFileType = text.xcconfig; name = "Pods-thingsflow-ios-min.release.xcconfig"; path = "Target Support Files/Pods-thingsflow-ios-min/Pods-thingsflow-ios-min.release.xcconfig"; sourceTree = "<group>"; };
		87F8EE3B29306E50003999A5 /* thingsflow-ios-min.app */ = {isa = PBXFileReference; explicitFileType = wrapper.application; includeInIndex = 0; path = "thingsflow-ios-min.app"; sourceTree = BUILT_PRODUCTS_DIR; };
		87F8EE3E29306E50003999A5 /* AppDelegate.swift */ = {isa = PBXFileReference; lastKnownFileType = sourcecode.swift; path = AppDelegate.swift; sourceTree = "<group>"; };
		87F8EE4029306E50003999A5 /* SceneDelegate.swift */ = {isa = PBXFileReference; lastKnownFileType = sourcecode.swift; path = SceneDelegate.swift; sourceTree = "<group>"; };
		87F8EE4229306E50003999A5 /* IssueListViewController.swift */ = {isa = PBXFileReference; lastKnownFileType = sourcecode.swift; path = IssueListViewController.swift; sourceTree = "<group>"; };
		87F8EE4529306E50003999A5 /* Base */ = {isa = PBXFileReference; lastKnownFileType = file.storyboard; name = Base; path = Base.lproj/Main.storyboard; sourceTree = "<group>"; };
		87F8EE4729306E54003999A5 /* Assets.xcassets */ = {isa = PBXFileReference; lastKnownFileType = folder.assetcatalog; path = Assets.xcassets; sourceTree = "<group>"; };
		87F8EE4A29306E54003999A5 /* Base */ = {isa = PBXFileReference; lastKnownFileType = file.storyboard; name = Base; path = Base.lproj/LaunchScreen.storyboard; sourceTree = "<group>"; };
		87F8EE4C29306E54003999A5 /* Info.plist */ = {isa = PBXFileReference; lastKnownFileType = text.plist.xml; path = Info.plist; sourceTree = "<group>"; };
		87F8EE562930719E003999A5 /* IssueListViewModel.swift */ = {isa = PBXFileReference; lastKnownFileType = sourcecode.swift; path = IssueListViewModel.swift; sourceTree = "<group>"; };
		87F8EE58293071AC003999A5 /* UIViewController+Ex.swift */ = {isa = PBXFileReference; lastKnownFileType = sourcecode.swift; path = "UIViewController+Ex.swift"; sourceTree = "<group>"; };
		87F8EE5A29307216003999A5 /* Protocols.swift */ = {isa = PBXFileReference; lastKnownFileType = sourcecode.swift; path = Protocols.swift; sourceTree = "<group>"; };
		87F8EE5D293073FD003999A5 /* IssueListViewCell.swift */ = {isa = PBXFileReference; lastKnownFileType = sourcecode.swift; path = IssueListViewCell.swift; sourceTree = "<group>"; };
		87F8EE5F293074CE003999A5 /* SnapKit+Ex.swift */ = {isa = PBXFileReference; lastKnownFileType = sourcecode.swift; path = "SnapKit+Ex.swift"; sourceTree = "<group>"; };
		87F8EE61293074EC003999A5 /* Size.swift */ = {isa = PBXFileReference; lastKnownFileType = sourcecode.swift; path = Size.swift; sourceTree = "<group>"; };
		87F8EE632930750D003999A5 /* Font.swift */ = {isa = PBXFileReference; lastKnownFileType = sourcecode.swift; path = Font.swift; sourceTree = "<group>"; };
		87F8EE6529307621003999A5 /* UITableView+Ex.swift */ = {isa = PBXFileReference; lastKnownFileType = sourcecode.swift; path = "UITableView+Ex.swift"; sourceTree = "<group>"; };
		87F8EE6729307E2D003999A5 /* Api.swift */ = {isa = PBXFileReference; lastKnownFileType = sourcecode.swift; path = Api.swift; sourceTree = "<group>"; };
		87F8EE6A29307F64003999A5 /* Repo.swift */ = {isa = PBXFileReference; lastKnownFileType = sourcecode.swift; path = Repo.swift; sourceTree = "<group>"; };
		87F8EE6C29308022003999A5 /* Owner.swift */ = {isa = PBXFileReference; lastKnownFileType = sourcecode.swift; path = Owner.swift; sourceTree = "<group>"; };
		87F8EE6E293081F2003999A5 /* Info.swift */ = {isa = PBXFileReference; lastKnownFileType = sourcecode.swift; path = Info.swift; sourceTree = "<group>"; };
		87F8EE7029308968003999A5 /* IssuListViewSection.swift */ = {isa = PBXFileReference; lastKnownFileType = sourcecode.swift; path = IssuListViewSection.swift; sourceTree = "<group>"; };
		87F8EE7229308A10003999A5 /* Issue.swift */ = {isa = PBXFileReference; lastKnownFileType = sourcecode.swift; path = Issue.swift; sourceTree = "<group>"; };
		87F8EE742930901C003999A5 /* Array+Ex.swift */ = {isa = PBXFileReference; lastKnownFileType = sourcecode.swift; path = "Array+Ex.swift"; sourceTree = "<group>"; };
		87F8EE77293097BA003999A5 /* IssueListHeaderView.swift */ = {isa = PBXFileReference; lastKnownFileType = sourcecode.swift; path = IssueListHeaderView.swift; sourceTree = "<group>"; };
		87F8EE79293099C1003999A5 /* CGSize+Ex.swift */ = {isa = PBXFileReference; lastKnownFileType = sourcecode.swift; path = "CGSize+Ex.swift"; sourceTree = "<group>"; };
/* End PBXFileReference section */

/* Begin PBXFrameworksBuildPhase section */
		87F8EE3829306E50003999A5 /* Frameworks */ = {
			isa = PBXFrameworksBuildPhase;
			buildActionMask = 2147483647;
			files = (
				0F008A7A249437BB2D536F94 /* Pods_thingsflow_ios_min.framework in Frameworks */,
			);
			runOnlyForDeploymentPostprocessing = 0;
		};
/* End PBXFrameworksBuildPhase section */

/* Begin PBXGroup section */
		7D2CFFC51F387DEDCD54103D /* Frameworks */ = {
			isa = PBXGroup;
			children = (
				4D777F9FE2C625E7BFA335BF /* Pods_thingsflow_ios_min.framework */,
			);
			name = Frameworks;
			sourceTree = "<group>";
		};
		87F8EE3229306E50003999A5 = {
			isa = PBXGroup;
			children = (
				87F8EE3D29306E50003999A5 /* thingsflow-ios-min */,
				87F8EE3C29306E50003999A5 /* Products */,
				F7D2CF92C71FE17FA11FC5CD /* Pods */,
				7D2CFFC51F387DEDCD54103D /* Frameworks */,
			);
			sourceTree = "<group>";
		};
		87F8EE3C29306E50003999A5 /* Products */ = {
			isa = PBXGroup;
			children = (
				87F8EE3B29306E50003999A5 /* thingsflow-ios-min.app */,
			);
			name = Products;
			sourceTree = "<group>";
		};
		87F8EE3D29306E50003999A5 /* thingsflow-ios-min */ = {
			isa = PBXGroup;
			children = (
				87F8EE522930710F003999A5 /* ViewControllers */,
				87F8EE5C293073F1003999A5 /* Cells */,
				87F8EE5329307121003999A5 /* ViewModels */,
				87F8EE6929307F22003999A5 /* Models */,
				87F8EE5429307129003999A5 /* Utils */,
				87F8EE5529307132003999A5 /* Extensions */,
				87F8EE3E29306E50003999A5 /* AppDelegate.swift */,
				87F8EE4029306E50003999A5 /* SceneDelegate.swift */,
				87F8EE4429306E50003999A5 /* Main.storyboard */,
				87F8EE4729306E54003999A5 /* Assets.xcassets */,
				87F8EE4929306E54003999A5 /* LaunchScreen.storyboard */,
				87F8EE4C29306E54003999A5 /* Info.plist */,
			);
			path = "thingsflow-ios-min";
			sourceTree = "<group>";
		};
		87F8EE522930710F003999A5 /* ViewControllers */ = {
			isa = PBXGroup;
			children = (
				87F8EE4229306E50003999A5 /* IssueListViewController.swift */,
			);
			path = ViewControllers;
			sourceTree = "<group>";
		};
		87F8EE5329307121003999A5 /* ViewModels */ = {
			isa = PBXGroup;
			children = (
				87F8EE562930719E003999A5 /* IssueListViewModel.swift */,
			);
			path = ViewModels;
			sourceTree = "<group>";
		};
		87F8EE5429307129003999A5 /* Utils */ = {
			isa = PBXGroup;
			children = (
				87F8EE5A29307216003999A5 /* Protocols.swift */,
				87F8EE61293074EC003999A5 /* Size.swift */,
				87F8EE632930750D003999A5 /* Font.swift */,
				87F8EE6729307E2D003999A5 /* Api.swift */,
			);
			path = Utils;
			sourceTree = "<group>";
		};
		87F8EE5529307132003999A5 /* Extensions */ = {
			isa = PBXGroup;
			children = (
				87F8EE58293071AC003999A5 /* UIViewController+Ex.swift */,
				87F8EE5F293074CE003999A5 /* SnapKit+Ex.swift */,
				87F8EE6529307621003999A5 /* UITableView+Ex.swift */,
				87F8EE742930901C003999A5 /* Array+Ex.swift */,
				87F8EE79293099C1003999A5 /* CGSize+Ex.swift */,
			);
			path = Extensions;
			sourceTree = "<group>";
		};
		87F8EE5C293073F1003999A5 /* Cells */ = {
			isa = PBXGroup;
			children = (
				87F8EE77293097BA003999A5 /* IssueListHeaderView.swift */,
				87F8EE7029308968003999A5 /* IssuListViewSection.swift */,
				87F8EE5D293073FD003999A5 /* IssueListViewCell.swift */,
			);
			path = Cells;
			sourceTree = "<group>";
		};
		87F8EE6929307F22003999A5 /* Models */ = {
			isa = PBXGroup;
			children = (
				87F8EE6A29307F64003999A5 /* Repo.swift */,
				87F8EE6C29308022003999A5 /* Owner.swift */,
				87F8EE6E293081F2003999A5 /* Info.swift */,
				87F8EE7229308A10003999A5 /* Issue.swift */,
			);
			path = Models;
			sourceTree = "<group>";
		};
		F7D2CF92C71FE17FA11FC5CD /* Pods */ = {
			isa = PBXGroup;
			children = (
				3DCE1D22762757B84A7756D0 /* Pods-thingsflow-ios-min.debug.xcconfig */,
				82D89C851C4EC85685FED226 /* Pods-thingsflow-ios-min.release.xcconfig */,
			);
			path = Pods;
			sourceTree = "<group>";
		};
/* End PBXGroup section */

/* Begin PBXNativeTarget section */
		87F8EE3A29306E50003999A5 /* thingsflow-ios-min */ = {
			isa = PBXNativeTarget;
			buildConfigurationList = 87F8EE4F29306E54003999A5 /* Build configuration list for PBXNativeTarget "thingsflow-ios-min" */;
			buildPhases = (
				7EC6952FABDD1A5A4FC3FB75 /* [CP] Check Pods Manifest.lock */,
				87F8EE3729306E50003999A5 /* Sources */,
				87F8EE3829306E50003999A5 /* Frameworks */,
				87F8EE3929306E50003999A5 /* Resources */,
				7CB9258CBD7E8F76D1DE0541 /* [CP] Embed Pods Frameworks */,
			);
			buildRules = (
			);
			dependencies = (
			);
			name = "thingsflow-ios-min";
			productName = "thingsflow-ios-min";
			productReference = 87F8EE3B29306E50003999A5 /* thingsflow-ios-min.app */;
			productType = "com.apple.product-type.application";
		};
/* End PBXNativeTarget section */

/* Begin PBXProject section */
		87F8EE3329306E50003999A5 /* Project object */ = {
			isa = PBXProject;
			attributes = {
				BuildIndependentTargetsInParallel = 1;
				LastSwiftUpdateCheck = 1340;
				LastUpgradeCheck = 1340;
				TargetAttributes = {
					87F8EE3A29306E50003999A5 = {
						CreatedOnToolsVersion = 13.4.1;
					};
				};
			};
			buildConfigurationList = 87F8EE3629306E50003999A5 /* Build configuration list for PBXProject "thingsflow-ios-min" */;
			compatibilityVersion = "Xcode 13.0";
			developmentRegion = en;
			hasScannedForEncodings = 0;
			knownRegions = (
				en,
				Base,
			);
			mainGroup = 87F8EE3229306E50003999A5;
			productRefGroup = 87F8EE3C29306E50003999A5 /* Products */;
			projectDirPath = "";
			projectRoot = "";
			targets = (
				87F8EE3A29306E50003999A5 /* thingsflow-ios-min */,
			);
		};
/* End PBXProject section */

/* Begin PBXResourcesBuildPhase section */
		87F8EE3929306E50003999A5 /* Resources */ = {
			isa = PBXResourcesBuildPhase;
			buildActionMask = 2147483647;
			files = (
				87F8EE4B29306E54003999A5 /* LaunchScreen.storyboard in Resources */,
				87F8EE4829306E54003999A5 /* Assets.xcassets in Resources */,
				87F8EE4629306E50003999A5 /* Main.storyboard in Resources */,
			);
			runOnlyForDeploymentPostprocessing = 0;
		};
/* End PBXResourcesBuildPhase section */

/* Begin PBXShellScriptBuildPhase section */
		7CB9258CBD7E8F76D1DE0541 /* [CP] Embed Pods Frameworks */ = {
			isa = PBXShellScriptBuildPhase;
			buildActionMask = 2147483647;
			files = (
			);
			inputFileListPaths = (
				"${PODS_ROOT}/Target Support Files/Pods-thingsflow-ios-min/Pods-thingsflow-ios-min-frameworks-${CONFIGURATION}-input-files.xcfilelist",
			);
			name = "[CP] Embed Pods Frameworks";
			outputFileListPaths = (
				"${PODS_ROOT}/Target Support Files/Pods-thingsflow-ios-min/Pods-thingsflow-ios-min-frameworks-${CONFIGURATION}-output-files.xcfilelist",
			);
			runOnlyForDeploymentPostprocessing = 0;
			shellPath = /bin/sh;
			shellScript = "\"${PODS_ROOT}/Target Support Files/Pods-thingsflow-ios-min/Pods-thingsflow-ios-min-frameworks.sh\"\n";
			showEnvVarsInLog = 0;
		};
		7EC6952FABDD1A5A4FC3FB75 /* [CP] Check Pods Manifest.lock */ = {
			isa = PBXShellScriptBuildPhase;
			buildActionMask = 2147483647;
			files = (
			);
			inputFileListPaths = (
			);
			inputPaths = (
				"${PODS_PODFILE_DIR_PATH}/Podfile.lock",
				"${PODS_ROOT}/Manifest.lock",
			);
			name = "[CP] Check Pods Manifest.lock";
			outputFileListPaths = (
			);
			outputPaths = (
				"$(DERIVED_FILE_DIR)/Pods-thingsflow-ios-min-checkManifestLockResult.txt",
			);
			runOnlyForDeploymentPostprocessing = 0;
			shellPath = /bin/sh;
			shellScript = "diff \"${PODS_PODFILE_DIR_PATH}/Podfile.lock\" \"${PODS_ROOT}/Manifest.lock\" > /dev/null\nif [ $? != 0 ] ; then\n    # print error to STDERR\n    echo \"error: The sandbox is not in sync with the Podfile.lock. Run 'pod install' or update your CocoaPods installation.\" >&2\n    exit 1\nfi\n# This output is used by Xcode 'outputs' to avoid re-running this script phase.\necho \"SUCCESS\" > \"${SCRIPT_OUTPUT_FILE_0}\"\n";
			showEnvVarsInLog = 0;
		};
/* End PBXShellScriptBuildPhase section */

/* Begin PBXSourcesBuildPhase section */
		87F8EE3729306E50003999A5 /* Sources */ = {
			isa = PBXSourcesBuildPhase;
			buildActionMask = 2147483647;
			files = (
				87F8EE6629307621003999A5 /* UITableView+Ex.swift in Sources */,
				87F8EE6B29307F64003999A5 /* Repo.swift in Sources */,
				87F8EE7329308A10003999A5 /* Issue.swift in Sources */,
				87F8EE78293097BB003999A5 /* IssueListHeaderView.swift in Sources */,
				87F8EE572930719E003999A5 /* IssueListViewModel.swift in Sources */,
				87F8EE6F293081F2003999A5 /* Info.swift in Sources */,
				87F8EE7129308968003999A5 /* IssuListViewSection.swift in Sources */,
				87F8EE59293071AC003999A5 /* UIViewController+Ex.swift in Sources */,
				87F8EE642930750D003999A5 /* Font.swift in Sources */,
				87F8EE4329306E50003999A5 /* IssueListViewController.swift in Sources */,
				87F8EE5B29307216003999A5 /* Protocols.swift in Sources */,
				87F8EE6829307E2D003999A5 /* Api.swift in Sources */,
				87F8EE62293074EC003999A5 /* Size.swift in Sources */,
				87F8EE6D29308022003999A5 /* Owner.swift in Sources */,
				87F8EE3F29306E50003999A5 /* AppDelegate.swift in Sources */,
				87F8EE7A293099C1003999A5 /* CGSize+Ex.swift in Sources */,
				87F8EE752930901C003999A5 /* Array+Ex.swift in Sources */,
				87F8EE60293074CE003999A5 /* SnapKit+Ex.swift in Sources */,
				87F8EE4129306E50003999A5 /* SceneDelegate.swift in Sources */,
				87F8EE5E293073FD003999A5 /* IssueListViewCell.swift in Sources */,
			);
			runOnlyForDeploymentPostprocessing = 0;
		};
/* End PBXSourcesBuildPhase section */

/* Begin PBXVariantGroup section */
		87F8EE4429306E50003999A5 /* Main.storyboard */ = {
			isa = PBXVariantGroup;
			children = (
				87F8EE4529306E50003999A5 /* Base */,
			);
			name = Main.storyboard;
			sourceTree = "<group>";
		};
		87F8EE4929306E54003999A5 /* LaunchScreen.storyboard */ = {
			isa = PBXVariantGroup;
			children = (
				87F8EE4A29306E54003999A5 /* Base */,
			);
			name = LaunchScreen.storyboard;
			sourceTree = "<group>";
		};
/* End PBXVariantGroup section */

/* Begin XCBuildConfiguration section */
		87F8EE4D29306E54003999A5 /* Debug */ = {
			isa = XCBuildConfiguration;
			buildSettings = {
				ALWAYS_SEARCH_USER_PATHS = NO;
				CLANG_ANALYZER_NONNULL = YES;
				CLANG_ANALYZER_NUMBER_OBJECT_CONVERSION = YES_AGGRESSIVE;
				CLANG_CXX_LANGUAGE_STANDARD = "gnu++17";
				CLANG_ENABLE_MODULES = YES;
				CLANG_ENABLE_OBJC_ARC = YES;
				CLANG_ENABLE_OBJC_WEAK = YES;
				CLANG_WARN_BLOCK_CAPTURE_AUTORELEASING = YES;
				CLANG_WARN_BOOL_CONVERSION = YES;
				CLANG_WARN_COMMA = YES;
				CLANG_WARN_CONSTANT_CONVERSION = YES;
				CLANG_WARN_DEPRECATED_OBJC_IMPLEMENTATIONS = YES;
				CLANG_WARN_DIRECT_OBJC_ISA_USAGE = YES_ERROR;
				CLANG_WARN_DOCUMENTATION_COMMENTS = YES;
				CLANG_WARN_EMPTY_BODY = YES;
				CLANG_WARN_ENUM_CONVERSION = YES;
				CLANG_WARN_INFINITE_RECURSION = YES;
				CLANG_WARN_INT_CONVERSION = YES;
				CLANG_WARN_NON_LITERAL_NULL_CONVERSION = YES;
				CLANG_WARN_OBJC_IMPLICIT_RETAIN_SELF = YES;
				CLANG_WARN_OBJC_LITERAL_CONVERSION = YES;
				CLANG_WARN_OBJC_ROOT_CLASS = YES_ERROR;
				CLANG_WARN_QUOTED_INCLUDE_IN_FRAMEWORK_HEADER = YES;
				CLANG_WARN_RANGE_LOOP_ANALYSIS = YES;
				CLANG_WARN_STRICT_PROTOTYPES = YES;
				CLANG_WARN_SUSPICIOUS_MOVE = YES;
				CLANG_WARN_UNGUARDED_AVAILABILITY = YES_AGGRESSIVE;
				CLANG_WARN_UNREACHABLE_CODE = YES;
				CLANG_WARN__DUPLICATE_METHOD_MATCH = YES;
				COPY_PHASE_STRIP = NO;
				DEBUG_INFORMATION_FORMAT = dwarf;
				ENABLE_STRICT_OBJC_MSGSEND = YES;
				ENABLE_TESTABILITY = YES;
				GCC_C_LANGUAGE_STANDARD = gnu11;
				GCC_DYNAMIC_NO_PIC = NO;
				GCC_NO_COMMON_BLOCKS = YES;
				GCC_OPTIMIZATION_LEVEL = 0;
				GCC_PREPROCESSOR_DEFINITIONS = (
					"DEBUG=1",
					"$(inherited)",
				);
				GCC_WARN_64_TO_32_BIT_CONVERSION = YES;
				GCC_WARN_ABOUT_RETURN_TYPE = YES_ERROR;
				GCC_WARN_UNDECLARED_SELECTOR = YES;
				GCC_WARN_UNINITIALIZED_AUTOS = YES_AGGRESSIVE;
				GCC_WARN_UNUSED_FUNCTION = YES;
				GCC_WARN_UNUSED_VARIABLE = YES;
				IPHONEOS_DEPLOYMENT_TARGET = 14.0;
				MTL_ENABLE_DEBUG_INFO = INCLUDE_SOURCE;
				MTL_FAST_MATH = YES;
				ONLY_ACTIVE_ARCH = YES;
				SDKROOT = iphoneos;
				SWIFT_ACTIVE_COMPILATION_CONDITIONS = DEBUG;
				SWIFT_OPTIMIZATION_LEVEL = "-Onone";
			};
			name = Debug;
		};
		87F8EE4E29306E54003999A5 /* Release */ = {
			isa = XCBuildConfiguration;
			buildSettings = {
				ALWAYS_SEARCH_USER_PATHS = NO;
				CLANG_ANALYZER_NONNULL = YES;
				CLANG_ANALYZER_NUMBER_OBJECT_CONVERSION = YES_AGGRESSIVE;
				CLANG_CXX_LANGUAGE_STANDARD = "gnu++17";
				CLANG_ENABLE_MODULES = YES;
				CLANG_ENABLE_OBJC_ARC = YES;
				CLANG_ENABLE_OBJC_WEAK = YES;
				CLANG_WARN_BLOCK_CAPTURE_AUTORELEASING = YES;
				CLANG_WARN_BOOL_CONVERSION = YES;
				CLANG_WARN_COMMA = YES;
				CLANG_WARN_CONSTANT_CONVERSION = YES;
				CLANG_WARN_DEPRECATED_OBJC_IMPLEMENTATIONS = YES;
				CLANG_WARN_DIRECT_OBJC_ISA_USAGE = YES_ERROR;
				CLANG_WARN_DOCUMENTATION_COMMENTS = YES;
				CLANG_WARN_EMPTY_BODY = YES;
				CLANG_WARN_ENUM_CONVERSION = YES;
				CLANG_WARN_INFINITE_RECURSION = YES;
				CLANG_WARN_INT_CONVERSION = YES;
				CLANG_WARN_NON_LITERAL_NULL_CONVERSION = YES;
				CLANG_WARN_OBJC_IMPLICIT_RETAIN_SELF = YES;
				CLANG_WARN_OBJC_LITERAL_CONVERSION = YES;
				CLANG_WARN_OBJC_ROOT_CLASS = YES_ERROR;
				CLANG_WARN_QUOTED_INCLUDE_IN_FRAMEWORK_HEADER = YES;
				CLANG_WARN_RANGE_LOOP_ANALYSIS = YES;
				CLANG_WARN_STRICT_PROTOTYPES = YES;
				CLANG_WARN_SUSPICIOUS_MOVE = YES;
				CLANG_WARN_UNGUARDED_AVAILABILITY = YES_AGGRESSIVE;
				CLANG_WARN_UNREACHABLE_CODE = YES;
				CLANG_WARN__DUPLICATE_METHOD_MATCH = YES;
				COPY_PHASE_STRIP = NO;
				DEBUG_INFORMATION_FORMAT = "dwarf-with-dsym";
				ENABLE_NS_ASSERTIONS = NO;
				ENABLE_STRICT_OBJC_MSGSEND = YES;
				GCC_C_LANGUAGE_STANDARD = gnu11;
				GCC_NO_COMMON_BLOCKS = YES;
				GCC_WARN_64_TO_32_BIT_CONVERSION = YES;
				GCC_WARN_ABOUT_RETURN_TYPE = YES_ERROR;
				GCC_WARN_UNDECLARED_SELECTOR = YES;
				GCC_WARN_UNINITIALIZED_AUTOS = YES_AGGRESSIVE;
				GCC_WARN_UNUSED_FUNCTION = YES;
				GCC_WARN_UNUSED_VARIABLE = YES;
				IPHONEOS_DEPLOYMENT_TARGET = 14.0;
				MTL_ENABLE_DEBUG_INFO = NO;
				MTL_FAST_MATH = YES;
				SDKROOT = iphoneos;
				SWIFT_COMPILATION_MODE = wholemodule;
				SWIFT_OPTIMIZATION_LEVEL = "-O";
				VALIDATE_PRODUCT = YES;
			};
			name = Release;
		};
		87F8EE5029306E54003999A5 /* Debug */ = {
			isa = XCBuildConfiguration;
			baseConfigurationReference = 3DCE1D22762757B84A7756D0 /* Pods-thingsflow-ios-min.debug.xcconfig */;
			buildSettings = {
				ASSETCATALOG_COMPILER_APPICON_NAME = AppIcon;
				ASSETCATALOG_COMPILER_GLOBAL_ACCENT_COLOR_NAME = AccentColor;
				CODE_SIGN_STYLE = Automatic;
				CURRENT_PROJECT_VERSION = 1;
				DEVELOPMENT_TEAM = 45ZBS99NG3;
				GENERATE_INFOPLIST_FILE = YES;
				INFOPLIST_FILE = "thingsflow-ios-min/Info.plist";
				INFOPLIST_KEY_UIApplicationSupportsIndirectInputEvents = YES;
				INFOPLIST_KEY_UILaunchStoryboardName = LaunchScreen;
				INFOPLIST_KEY_UIMainStoryboardFile = Main;
				INFOPLIST_KEY_UISupportedInterfaceOrientations_iPad = "UIInterfaceOrientationPortrait UIInterfaceOrientationPortraitUpsideDown UIInterfaceOrientationLandscapeLeft UIInterfaceOrientationLandscapeRight";
				INFOPLIST_KEY_UISupportedInterfaceOrientations_iPhone = "UIInterfaceOrientationPortrait UIInterfaceOrientationLandscapeLeft UIInterfaceOrientationLandscapeRight";
				LD_RUNPATH_SEARCH_PATHS = (
					"$(inherited)",
					"@executable_path/Frameworks",
				);
				MARKETING_VERSION = 1.0;
				PRODUCT_BUNDLE_IDENTIFIER = "com.m1n.thingsflow-ios-min";
				PRODUCT_NAME = "$(TARGET_NAME)";
				SWIFT_EMIT_LOC_STRINGS = YES;
				SWIFT_VERSION = 5.0;
				TARGETED_DEVICE_FAMILY = "1,2";
			};
			name = Debug;
		};
		87F8EE5129306E54003999A5 /* Release */ = {
			isa = XCBuildConfiguration;
			baseConfigurationReference = 82D89C851C4EC85685FED226 /* Pods-thingsflow-ios-min.release.xcconfig */;
			buildSettings = {
				ASSETCATALOG_COMPILER_APPICON_NAME = AppIcon;
				ASSETCATALOG_COMPILER_GLOBAL_ACCENT_COLOR_NAME = AccentColor;
				CODE_SIGN_STYLE = Automatic;
				CURRENT_PROJECT_VERSION = 1;
				DEVELOPMENT_TEAM = 45ZBS99NG3;
				GENERATE_INFOPLIST_FILE = YES;
				INFOPLIST_FILE = "thingsflow-ios-min/Info.plist";
				INFOPLIST_KEY_UIApplicationSupportsIndirectInputEvents = YES;
				INFOPLIST_KEY_UILaunchStoryboardName = LaunchScreen;
				INFOPLIST_KEY_UIMainStoryboardFile = Main;
				INFOPLIST_KEY_UISupportedInterfaceOrientations_iPad = "UIInterfaceOrientationPortrait UIInterfaceOrientationPortraitUpsideDown UIInterfaceOrientationLandscapeLeft UIInterfaceOrientationLandscapeRight";
				INFOPLIST_KEY_UISupportedInterfaceOrientations_iPhone = "UIInterfaceOrientationPortrait UIInterfaceOrientationLandscapeLeft UIInterfaceOrientationLandscapeRight";
				LD_RUNPATH_SEARCH_PATHS = (
					"$(inherited)",
					"@executable_path/Frameworks",
				);
				MARKETING_VERSION = 1.0;
				PRODUCT_BUNDLE_IDENTIFIER = "com.m1n.thingsflow-ios-min";
				PRODUCT_NAME = "$(TARGET_NAME)";
				SWIFT_EMIT_LOC_STRINGS = YES;
				SWIFT_VERSION = 5.0;
				TARGETED_DEVICE_FAMILY = "1,2";
			};
			name = Release;
		};
/* End XCBuildConfiguration section */

/* Begin XCConfigurationList section */
		87F8EE3629306E50003999A5 /* Build configuration list for PBXProject "thingsflow-ios-min" */ = {
			isa = XCConfigurationList;
			buildConfigurations = (
				87F8EE4D29306E54003999A5 /* Debug */,
				87F8EE4E29306E54003999A5 /* Release */,
			);
			defaultConfigurationIsVisible = 0;
			defaultConfigurationName = Release;
		};
		87F8EE4F29306E54003999A5 /* Build configuration list for PBXNativeTarget "thingsflow-ios-min" */ = {
			isa = XCConfigurationList;
			buildConfigurations = (
				87F8EE5029306E54003999A5 /* Debug */,
				87F8EE5129306E54003999A5 /* Release */,
			);
			defaultConfigurationIsVisible = 0;
			defaultConfigurationName = Release;
		};
/* End XCConfigurationList section */
	};
	rootObject = 87F8EE3329306E50003999A5 /* Project object */;
}
